{
  "version": 1,
  "dependencies": {
    "net10.0-windows10.0.26100": {
      "ManagedWimLib": {
        "type": "Direct",
        "requested": "[2.6.0, )",
        "resolved": "2.6.0",
        "contentHash": "/2/NCpM6taSiZSHwlRkflw8cex9cDEUCuIO5W1Bg+3bjnGK2snBde563m0+youh6Cb2kJw8pknlePH5ixEuJJQ==",
        "dependencies": {
          "Joveler.DynLoader": "2.3.1"
        }
      },
      "Microsoft.Extensions.Logging.Abstractions": {
        "type": "Direct",
        "requested": "[10.0.11, )",
        "resolved": "10.0.11",
        "contentHash": "Ljd0Uxoq5XpScD2Bg0nM/r3mwx7Ao5Uq24eo2ARxbGvqJ7Zht6rt2cJtwVRH4Cv+1ZVMdXz6TB43KbpmsxRrvQ==",
        "dependencies": {
          "Microsoft.Extensions.DependencyInjection.Abstractions": "10.0.11"
        }
      },
      "Serilog.Extensions.Logging": {
        "type": "Direct",
        "requested": "[10.0.0, )",
        "resolved": "10.0.0",
        "contentHash": "vx0kABKl2dWbBhhqAfTOk53/i8aV/5VaT3a6il9gn72Wqs2pM7EK2OB6No6xdqK2IaY6Zf9gdjLuK9BVa2rT+Q==",
        "dependencies": {
          "Microsoft.Extensions.Logging": "10.0.0",
          "Serilog": "4.2.0"
        }
      },
      "Serilog.Sinks.Debug": {
        "type": "Direct",
        "requested": "[3.0.0, )",
        "resolved": "3.0.0",
        "contentHash": "4BzXcdrgRX7wde9PmHuYd9U6YqycCC28hhpKonK7hx0wb19eiuRj16fPcPSVp0o/Y1ipJuNLYQ00R3q2Zs8FDA==",
        "dependencies": {
          "Serilog": "4.0.0"
        }
      },
      "Serilog.Sinks.File": {
        "type": "Direct",
        "requested": "[7.0.0, )",
        "resolved": "7.0.0",
        "contentHash": "fKL7mXv7qaiNBUC71ssvn/dU0k9t0o45+qm2XgKAlSt19xF+ijjxyA3R6HmCgfKEKwfcfkwWjayuQtRueZFkYw==",
        "dependencies": {
          "Serilog": "4.2.0"
        }
      },
      "Vanara.PInvoke.CfgMgr32": {
        "type": "Direct",
        "requested": "[5.0.7, )",
        "resolved": "5.0.7",
        "contentHash": "mDtT4E9IjRL/DmfIUfd43zBYc4HIMK1iOoHZ/L50W1lvw9uQVuQmbH+RiivLMf8Z53cRrnK8NrjknFIl8Q7MKg==",
        "dependencies": {
          "Vanara.Core": "5.0.7",
          "Vanara.PInvoke.Security": "5.0.7",
          "Vanara.PInvoke.SetupAPI": "5.0.7"
        }
      },
      "Vanara.PInvoke.Kernel32": {
        "type": "Direct",
        "requested": "[5.0.7, )",
        "resolved": "5.0.7",
        "contentHash": "09AqZGM/qWvsNuqd3I0VVXka+Dx9JJ3IWIGgIl5Z/3y39PU4/1M/l/EAnhO3hafXFpInso2tXnz/cICwgLa5Rw==",
        "dependencies": {
          "Vanara.Core": "5.0.7"
        }
      },
      "Vanara.PInvoke.SetupAPI": {
        "type": "Direct",
        "requested": "[5.0.7, )",
        "resolved": "5.0.7",
        "contentHash": "8WEcd/q0T6awCk+WOLwdRZCE6M1/6BjH0kaBQnTCjo1JLkxiPiJc0a6IUwsksbUNF0Z63q7nc3fZoF745txpLw==",
        "dependencies": {
          "Vanara.Core": "5.0.7"
        }
      },
      "Joveler.DynLoader": {
        "type": "Transitive",
        "resolved": "2.3.1",
        "contentHash": "lG4uwAo2UCygLXxeTVk2mZQcqmZhMFsn+4bKBvr7x66uu0xdqtUO8/g8fMOT5fyjVWvrn9ljjQF4vWCrTny4ZQ=="
      },
      "Microsoft.Extensions.DependencyInjection": {
        "type": "Transitive",
        "resolved": "10.0.0",
        "contentHash": "f0RBabswJq+gRu5a+hWIobrLWiUYPKMhCD9WO3sYBAdSy3FFH14LMvLVFZc2kPSCimBLxSuitUhsd6tb0TAY6A==",
        "dependencies": {
          "Microsoft.Extensions.DependencyInjection.Abstractions": "10.0.0"
        }
      },
      "Microsoft.Extensions.DependencyInjection.Abstractions": {
        "type": "Transitive",
        "resolved": "10.0.11",
        "contentHash": "/a1aJz4m7ylhEDf25ugQChLQoN5XwoGjWw/BoR/ZWWKsO1v4DdJElS1uyngahz4B/eOzjFk1KNTkarRLE5wsIg=="
      },
      "Microsoft.Extensions.Logging": {
        "type": "Transitive",
        "resolved": "10.0.0",
        "contentHash": "BStFkd5CcnEtarlcgYDBcFzGYCuuNMzPs02wN3WBsOFoYIEmYoUdAiU+au6opzoqfTYJsMTW00AeqDdnXH2CvA==",
        "dependencies": {
          "Microsoft.Extensions.DependencyInjection": "10.0.0",
          "Microsoft.Extensions.Logging.Abstractions": "10.0.0",
          "Microsoft.Extensions.Options": "10.0.0"
        }
      },
      "Microsoft.Extensions.Options": {
        "type": "Transitive",
        "resolved": "10.0.0",
        "contentHash": "8oCAgXOow5XDrY9HaXX1QmH3ORsyZO/ANVHBlhLyCeWTH5Sg4UuqZeOTWJi6484M+LqSx0RqQXDJtdYy2BNiLQ==",
        "dependencies": {
          "Microsoft.Extensions.DependencyInjection.Abstractions": "10.0.0",
          "Microsoft.Extensions.Primitives": "10.0.0"
        }
      },
      "Microsoft.Extensions.Primitives": {
        "type": "Transitive",
        "resolved": "10.0.0",
        "contentHash": "inRnbpCS0nwO/RuoZIAqxQUuyjaknOOnCEZB55KSMMjRhl0RQDttSmLSGsUJN3RQ3ocf5NDLFd2mOQViHqMK5w=="
      },
      "Serilog": {
        "type": "Transitive",
        "resolved": "4.2.0",
        "contentHash": "gmoWVOvKgbME8TYR+gwMf7osROiWAURterc6Rt2dQyX7wtjZYpqFiA/pY6ztjGQKKV62GGCyOcmtP1UKMHgSmA=="
      },
      "Vanara.Core": {
        "type": "Transitive",
        "resolved": "5.0.7",
        "contentHash": "h395/Y8B3nOiaO+wisRcEOPKO88mqM5XS738L6IX3WjWWT6hH2x5erWZeGHSl8ea9QAqpiCnT9v4wu2dp8DOXg=="
      },
      "Vanara.PInvoke.Cryptography": {
        "type": "Transitive",
        "resolved": "5.0.7",
        "contentHash": "4Xmif8z8yuHB9TayJbvY94QQnYWE/BlIOliO+gQ5D2awRqIY3XdWKNPhTPGXYmAgJ9BS2j6q8zbCAfXG4yCD8g==",
        "dependencies": {
          "Vanara.Core": "5.0.7"
        }
      },
      "Vanara.PInvoke.Security": {
        "type": "Transitive",
        "resolved": "5.0.7",
        "contentHash": "3D6rnO0tL7xPgPQkIuLC1EZ5IFvvyjYbPf5ITLUJWGMPbU/0h0O18JbtOVOL+rbOXkEazok4CZ4iYKirRVwSQg==",
        "dependencies": {
          "Vanara.Core": "5.0.7",
          "Vanara.PInvoke.Cryptography": "5.0.7",
          "Vanara.PInvoke.Kernel32": "5.0.7"
        }
      }
    },
    "net10.0-windows10.0.26100/win-x64": {
      "ManagedWimLib": {
        "type": "Direct",
        "requested": "[2.6.0, )",
        "resolved": "2.6.0",
        "contentHash": "/2/NCpM6taSiZSHwlRkflw8cex9cDEUCuIO5W1Bg+3bjnGK2snBde563m0+youh6Cb2kJw8pknlePH5ixEuJJQ==",
        "dependencies": {
          "Joveler.DynLoader": "2.3.1"
        }
      }
    }
  }
}