{
  "version": 1,
  "dependencies": {
    "net10.0-windows10.0.26100": {
      "CommunityToolkit.Mvvm": {
        "type": "Direct",
        "requested": "[8.4.2, )",
        "resolved": "8.4.2",
        "contentHash": "WadCzGEc2U+3e20avRLng4qNtt4zoOGWrdUISqJWrHe3/FSnrYjuM5Sb4yQb09LhkBXrrI4Zt3dLKgRMbItsrg=="
      },
      "CommunityToolkit.WinUI.Controls.Primitives": {
        "type": "Direct",
        "requested": "[8.2.251219, )",
        "resolved": "8.2.251219",
        "contentHash": "80ebdM1RvzrgZW24wFi5P+in5uaLouuXVdo0+X9uBCsoohijC9JD5gX/XCx9CP6dfP0DK+n0tA39RTOEZWLZjw==",
        "dependencies": {
          "CommunityToolkit.WinUI.Extensions": "8.2.251219",
          "Microsoft.WindowsAppSDK": "1.6.250108002"
        }
      },
      "CommunityToolkit.WinUI.Controls.SettingsControls": {
        "type": "Direct",
        "requested": "[8.2.251219, )",
        "resolved": "8.2.251219",
        "contentHash": "BAuRi34AOBCYXK/obT9Fwzt9KtxhPrO67yNINXF6+Dit4sAiwtVgehN9y/dJHco96/zZiTX3yF85mBjRyw6AXQ==",
        "dependencies": {
          "CommunityToolkit.WinUI.Triggers": "8.2.251219",
          "Microsoft.WindowsAppSDK": "1.6.250108002"
        }
      },
      "CommunityToolkit.WinUI.Converters": {
        "type": "Direct",
        "requested": "[8.2.251219, )",
        "resolved": "8.2.251219",
        "contentHash": "6vX/+oqGZCK3VnYlFEM3J4CSBi3CVHkyALSZjVWzJdymfkGQXfGrQdrdIx205W0jiKSR42J0mmoK8gz1HpctdA==",
        "dependencies": {
          "CommunityToolkit.Common": "8.2.1",
          "Microsoft.WindowsAppSDK": "1.6.250108002"
        }
      },
      "Microsoft.Extensions.DependencyInjection": {
        "type": "Direct",
        "requested": "[10.0.10, )",
        "resolved": "10.0.10",
        "contentHash": "ANyvsgkNBRvcJh2XLgn8veGmajf+8m0AbKK+HPWdRL1yraSNVVSmQhFntLtdz/C795jxqqup+k05cs/3jZQPOA==",
        "dependencies": {
          "Microsoft.Extensions.DependencyInjection.Abstractions": "10.0.10"
        }
      },
      "Microsoft.WindowsAppSDK": {
        "type": "Direct",
        "requested": "[2.4.0, )",
        "resolved": "2.4.0",
        "contentHash": "sdS48CFL5EqzFB5a63Rr6qdK5l8NqmxWKJ/DXwsF8waCDLXdD8SjSnIOfpxzq4f4aUhaeXEAwVRA9rD8QvM+2g==",
        "dependencies": {
          "Microsoft.WindowsAppSDK.AI": "2.4.4",
          "Microsoft.WindowsAppSDK.Base": "2.0.4",
          "Microsoft.WindowsAppSDK.DWrite": "2.1.0",
          "Microsoft.WindowsAppSDK.Foundation": "2.3.9",
          "Microsoft.WindowsAppSDK.InteractiveExperiences": "2.1.6",
          "Microsoft.WindowsAppSDK.ML": "2.1.74",
          "Microsoft.WindowsAppSDK.Runtime": "[2.4.0]",
          "Microsoft.WindowsAppSDK.Search": "2.4.4",
          "Microsoft.WindowsAppSDK.Widgets": "2.0.5",
          "Microsoft.WindowsAppSDK.WinUI": "2.3.6"
        }
      },
      "CommunityToolkit.Common": {
        "type": "Transitive",
        "resolved": "8.2.1",
        "contentHash": "LWuhy8cQKJ/MYcy3XafJ916U3gPH/YDvYoNGWyQWN11aiEKCZszzPOTJAOvBjP9yG8vHmIcCyPUt4L82OK47Iw=="
      },
      "CommunityToolkit.WinUI.Extensions": {
        "type": "Transitive",
        "resolved": "8.2.251219",
        "contentHash": "7ydxHF7jRl889qymGihhng4Yy5hFCxTxw+iKFM4XBo27bBAJxzr45Iu7GIZrydY5lhEgsG+xE4ZCA6HccNFxNA==",
        "dependencies": {
          "CommunityToolkit.Common": "8.2.1",
          "Microsoft.WindowsAppSDK": "1.6.250108002"
        }
      },
      "CommunityToolkit.WinUI.Helpers": {
        "type": "Transitive",
        "resolved": "8.2.251219",
        "contentHash": "Ksyd6yoItNnZSae3901n04pwM81h34kHPrR+pGYd5OxBAR7NVksFJBi1r2xcJV1Rg/bg+40blHJsZk85KgF/cw==",
        "dependencies": {
          "CommunityToolkit.WinUI.Extensions": "8.2.251219",
          "Microsoft.WindowsAppSDK": "1.6.250108002"
        }
      },
      "CommunityToolkit.WinUI.Triggers": {
        "type": "Transitive",
        "resolved": "8.2.251219",
        "contentHash": "E1D5jZ93hI2VkDJjHFvVPdwWBYG7gubx/zw9mS3aOL60rhroGuy9Jq/WqzL+VNaKFzsXZ4CZ0ivjOP7/SLGxIg==",
        "dependencies": {
          "CommunityToolkit.WinUI.Helpers": "8.2.251219",
          "Microsoft.WindowsAppSDK": "1.6.250108002"
        }
      },
      "Joveler.DynLoader": {
        "type": "Transitive",
        "resolved": "2.3.1",
        "contentHash": "lG4uwAo2UCygLXxeTVk2mZQcqmZhMFsn+4bKBvr7x66uu0xdqtUO8/g8fMOT5fyjVWvrn9ljjQF4vWCrTny4ZQ=="
      },
      "ManagedWimLib": {
        "type": "Transitive",
        "resolved": "2.6.0",
        "contentHash": "/2/NCpM6taSiZSHwlRkflw8cex9cDEUCuIO5W1Bg+3bjnGK2snBde563m0+youh6Cb2kJw8pknlePH5ixEuJJQ==",
        "dependencies": {
          "Joveler.DynLoader": "2.3.1"
        }
      },
      "Microsoft.Extensions.DependencyInjection.Abstractions": {
        "type": "Transitive",
        "resolved": "10.0.10",
        "contentHash": "z/2xXlFw2aLGjHyEm6E0tQ+In6VfzQzTrtArbQ2c0TQE16ZbyDCMGPvaUT9I0s8rgy9sRWlU2P9waW37qV04qA=="
      },
      "Microsoft.Extensions.Logging": {
        "type": "Transitive",
        "resolved": "10.0.0",
        "contentHash": "BStFkd5CcnEtarlcgYDBcFzGYCuuNMzPs02wN3WBsOFoYIEmYoUdAiU+au6opzoqfTYJsMTW00AeqDdnXH2CvA==",
        "dependencies": {
          "Microsoft.Extensions.DependencyInjection": "10.0.0",
          "Microsoft.Extensions.Logging.Abstractions": "10.0.0",
          "Microsoft.Extensions.Options": "10.0.0"
        }
      },
      "Microsoft.Extensions.Logging.Abstractions": {
        "type": "Transitive",
        "resolved": "10.0.10",
        "contentHash": "zkFxGYUvdxAvIKTyXHrmW+Sux53D4SezD9dMyZ6hrwwzPQJNuwCRy1f5W7AvYTqacEGhWF2XderRQG1OvbV8og==",
        "dependencies": {
          "Microsoft.Extensions.DependencyInjection.Abstractions": "10.0.10"
        }
      },
      "Microsoft.Extensions.Options": {
        "type": "Transitive",
        "resolved": "10.0.0",
        "contentHash": "8oCAgXOow5XDrY9HaXX1QmH3ORsyZO/ANVHBlhLyCeWTH5Sg4UuqZeOTWJi6484M+LqSx0RqQXDJtdYy2BNiLQ==",
        "dependencies": {
          "Microsoft.Extensions.DependencyInjection.Abstractions": "10.0.0",
          "Microsoft.Extensions.Primitives": "10.0.0"
        }
      },
      "Microsoft.Extensions.Primitives": {
        "type": "Transitive",
        "resolved": "10.0.0",
        "contentHash": "inRnbpCS0nwO/RuoZIAqxQUuyjaknOOnCEZB55KSMMjRhl0RQDttSmLSGsUJN3RQ3ocf5NDLFd2mOQViHqMK5w=="
      },
      "Microsoft.Web.WebView2": {
        "type": "Transitive",
        "resolved": "1.0.3719.77",
        "contentHash": "t+ucyKw5NTwMjsUrDF6R9Lk40lpcKQD1/HgyGFxl49tdA4h9dKlsj6FYGEmDRpFNfnTpENuTypMcdbrlkqBdDA=="
      },
      "Microsoft.Windows.AI.MachineLearning": {
        "type": "Transitive",
        "resolved": "2.1.74",
        "contentHash": "/Z1yAQ0J53eD1RrOl5anTDS0UQOgneERY//hLljwGcWeUX9ynCvOl5qUxAsfWvwsZZGcvV4WKjAvnAtA6N5i+w==",
        "dependencies": {
          "System.Numerics.Tensors": "9.0.0"
        }
      },
      "Microsoft.Windows.SDK.BuildTools": {
        "type": "Transitive",
        "resolved": "10.0.26100.4654",
        "contentHash": "2mgcOlj/t2RfSyyw+pVESfO+Tk1RkfQzto9Vrq42M1lUQIfQEwbi8QLha9GXWIOj+TFzeHIEJckIoF25mgiM8A=="
      },
      "Microsoft.Windows.SDK.BuildTools.MSIX": {
        "type": "Transitive",
        "resolved": "1.7.251221100",
        "contentHash": "f4aIZJ0NUth2403oxrpR+9rxVzZVI6dabqB21u8ncnk8eJAKCs9m77E4iYAnvP1YwrRe4axz3f8+yUcttNSfEA=="
      },
      "Microsoft.WindowsAppSDK.AI": {
        "type": "Transitive",
        "resolved": "2.4.4",
        "contentHash": "nwgZKIWa97bxP3UYahv9LK1WAftzsEu3x/Ws9hCs5QG9mOf25ODrhv7BOGfYvptEhrh+XhoqCa8etSVQRr8cmw==",
        "dependencies": {
          "Microsoft.WindowsAppSDK.Base": "2.0.4",
          "Microsoft.WindowsAppSDK.Foundation": "2.3.9"
        }
      },
      "Microsoft.WindowsAppSDK.Base": {
        "type": "Transitive",
        "resolved": "2.0.4",
        "contentHash": "QXSy2llX2/Bx9dYWGUEsb10F40q94ZiDnPMzqa2/qRmTG4y9EXxGp6uHITb7c0b4FCa+6KFBlgh6D53M0QEMEg==",
        "dependencies": {
          "Microsoft.Windows.SDK.BuildTools": "10.0.26100.4654",
          "Microsoft.Windows.SDK.BuildTools.MSIX": "1.7.251221100"
        }
      },
      "Microsoft.WindowsAppSDK.DWrite": {
        "type": "Transitive",
        "resolved": "2.1.0",
        "contentHash": "dgix7NSeo7Z8SZPyrsOqYm/6OUvBveHCiVyorYecmtDYoZW26dJ6/i9yveIxgWvmFpgfKXPeIuQBCvhbetHiYg==",
        "dependencies": {
          "Microsoft.WindowsAppSDK.Base": "2.0.3"
        }
      },
      "Microsoft.WindowsAppSDK.Foundation": {
        "type": "Transitive",
        "resolved": "2.3.9",
        "contentHash": "lnfSoKvuMN2nv/NyMDWHX5u2K/tdg8AiyW+z30/YmCbJZp1k38B8/d4pKf+RjgkQbSGbIikN4irae72FXA3X5Q==",
        "dependencies": {
          "Microsoft.WindowsAppSDK.Base": "2.0.4",
          "Microsoft.WindowsAppSDK.InteractiveExperiences": "2.1.3"
        }
      },
      "Microsoft.WindowsAppSDK.InteractiveExperiences": {
        "type": "Transitive",
        "resolved": "2.1.6",
        "contentHash": "j7pyWfsXPQFTEWX22GgC6/JDzliBpwKESJzglCOv8wRJI7SmXiPdYqQnBI2gSKC1slJIpkczVdmmpvHmxPxyOw==",
        "dependencies": {
          "Microsoft.WindowsAppSDK.Base": "2.0.4"
        }
      },
      "Microsoft.WindowsAppSDK.ML": {
        "type": "Transitive",
        "resolved": "2.1.74",
        "contentHash": "9Vd1ikH+n6pbqhgmCn+zNulJ6gIp9Hz9bC++ka1Uphh2gule6HiT6Jr25N/fQoEc4I9xOTKkn3DtlcpHlcocaw==",
        "dependencies": {
          "Microsoft.Windows.AI.MachineLearning": "[2.1.74, 3.0.0)",
          "Microsoft.WindowsAppSDK.Base": "2.0.4",
          "Microsoft.WindowsAppSDK.Foundation": "2.0.21"
        }
      },
      "Microsoft.WindowsAppSDK.Runtime": {
        "type": "Transitive",
        "resolved": "2.4.0",
        "contentHash": "ioljT2/zivSWb6Hc375VPrRrauE5O49OccruHQFI23NdwGERCFBgCr1qCYhFciTxAX9hOMkJeAx0/Wo6Z5y6eg==",
        "dependencies": {
          "Microsoft.WindowsAppSDK.Base": "2.0.4"
        }
      },
      "Microsoft.WindowsAppSDK.Search": {
        "type": "Transitive",
        "resolved": "2.4.4",
        "contentHash": "3IXnSBTBBQpqp3B+0R5FUEzcAHFwq4DVEDukVdqk3nP+X4LA10yPLO/uQgDaxtDxwhMJcEXX3vrKFdQTWSAOwg==",
        "dependencies": {
          "Microsoft.WindowsAppSDK.AI": "[2.4.4]",
          "Microsoft.WindowsAppSDK.Base": "2.0.4",
          "Microsoft.WindowsAppSDK.Foundation": "2.3.9"
        }
      },
      "Microsoft.WindowsAppSDK.Widgets": {
        "type": "Transitive",
        "resolved": "2.0.5",
        "contentHash": "lRz+8+QU65gV8hRzLVE+GRsPKZ42lnzqkmsw96HzQd/DuFYfr4JYpUU7ZZ5YrkV2EfQe4BCmoRKAeZ3WwalMcg==",
        "dependencies": {
          "Microsoft.WindowsAppSDK.Base": "2.0.3"
        }
      },
      "Microsoft.WindowsAppSDK.WinUI": {
        "type": "Transitive",
        "resolved": "2.3.6",
        "contentHash": "01ImKF+wYm2aehRWS2GpKeoBL1RutDcJOUSTSo3fkLjOSr+gKPcUGDAtIUwZcQTvHWOct6hT1jKIdyxbJIhpBA==",
        "dependencies": {
          "Microsoft.Web.WebView2": "1.0.3719.77",
          "Microsoft.WindowsAppSDK.Base": "2.0.4",
          "Microsoft.WindowsAppSDK.Foundation": "2.3.9",
          "Microsoft.WindowsAppSDK.InteractiveExperiences": "2.1.3"
        }
      },
      "Serilog": {
        "type": "Transitive",
        "resolved": "4.2.0",
        "contentHash": "gmoWVOvKgbME8TYR+gwMf7osROiWAURterc6Rt2dQyX7wtjZYpqFiA/pY6ztjGQKKV62GGCyOcmtP1UKMHgSmA=="
      },
      "Serilog.Extensions.Logging": {
        "type": "Transitive",
        "resolved": "10.0.0",
        "contentHash": "vx0kABKl2dWbBhhqAfTOk53/i8aV/5VaT3a6il9gn72Wqs2pM7EK2OB6No6xdqK2IaY6Zf9gdjLuK9BVa2rT+Q==",
        "dependencies": {
          "Microsoft.Extensions.Logging": "10.0.0",
          "Serilog": "4.2.0"
        }
      },
      "Serilog.Sinks.Debug": {
        "type": "Transitive",
        "resolved": "3.0.0",
        "contentHash": "4BzXcdrgRX7wde9PmHuYd9U6YqycCC28hhpKonK7hx0wb19eiuRj16fPcPSVp0o/Y1ipJuNLYQ00R3q2Zs8FDA==",
        "dependencies": {
          "Serilog": "4.0.0"
        }
      },
      "Serilog.Sinks.File": {
        "type": "Transitive",
        "resolved": "7.0.0",
        "contentHash": "fKL7mXv7qaiNBUC71ssvn/dU0k9t0o45+qm2XgKAlSt19xF+ijjxyA3R6HmCgfKEKwfcfkwWjayuQtRueZFkYw==",
        "dependencies": {
          "Serilog": "4.2.0"
        }
      },
      "System.Numerics.Tensors": {
        "type": "Transitive",
        "resolved": "9.0.0",
        "contentHash": "hyJB4UlpAi19Xr9AXzu2NuagKC4lPfHObNMEAA0HmqFz2rX7wKgzeYzO/jM/eBHDhnUGFFEjk5cOoJaxqg5J4A=="
      },
      "System.Reactive": {
        "type": "Transitive",
        "resolved": "6.0.1",
        "contentHash": "rHaWtKDwCi9qJ3ObKo8LHPMuuwv33YbmQi7TcUK1C264V3MFnOr5Im7QgCTdLniztP3GJyeiSg5x8NqYJFqRmg=="
      },
      "Vanara.Core": {
        "type": "Transitive",
        "resolved": "5.0.5",
        "contentHash": "e3+5FNx0tJGKXCl/2yieiiU2WoIQN3A3AO6xuKIQVhQlo45CGBrM5riU6FYDPC4iX3WBypty/h0EZL4xWV2ucA=="
      },
      "Vanara.PInvoke.CfgMgr32": {
        "type": "Transitive",
        "resolved": "5.0.5",
        "contentHash": "BSqYz09uTFEYvtM7pPLFBYg99AX24i39RIbQ3qqi7STJWPZv92tWm8AzUSYpVq2sNC0/4vt7H6xIMbhbDWs46A==",
        "dependencies": {
          "Vanara.Core": "5.0.5",
          "Vanara.PInvoke.Security": "5.0.5",
          "Vanara.PInvoke.SetupAPI": "5.0.5"
        }
      },
      "Vanara.PInvoke.Cryptography": {
        "type": "Transitive",
        "resolved": "5.0.5",
        "contentHash": "lXcUtjy3vy+hjqrT2YnHFtAl56UdDPpNnqQaAuQ3+FoNlkeA7k1yFxvqMKOVJ3tM88NJPniOiJHl/tSF2eSW+A==",
        "dependencies": {
          "Vanara.Core": "5.0.5"
        }
      },
      "Vanara.PInvoke.Kernel32": {
        "type": "Transitive",
        "resolved": "5.0.5",
        "contentHash": "RyUEG8DN5BUttC82xTdiVz/HpCKa/zeqv2j7kNfABSj3m/3hyH9PSQdeg/fwkOY5VbIWyBegnp+2AKfYAJL3PA==",
        "dependencies": {
          "Vanara.Core": "5.0.5"
        }
      },
      "Vanara.PInvoke.Security": {
        "type": "Transitive",
        "resolved": "5.0.5",
        "contentHash": "XgZoG4GnU4Xetur8saYJqxQGJw5HCTu2hAz28sMuCqmy66//cNSvsroEClnxHF+f6jy4LG0K7esniZb6y7dOPg==",
        "dependencies": {
          "Vanara.Core": "5.0.5",
          "Vanara.PInvoke.Cryptography": "5.0.5",
          "Vanara.PInvoke.Kernel32": "5.0.5"
        }
      },
      "Vanara.PInvoke.SetupAPI": {
        "type": "Transitive",
        "resolved": "5.0.5",
        "contentHash": "tMDWiNsBWdFAfQn+WOGbBW4261McfhNt1DETcQbQbauc5LUOKqITkla2pamynoLT+lIha0kBkZq7mmYJ6A/n/Q==",
        "dependencies": {
          "Vanara.Core": "5.0.5"
        }
      },
      "wtgwizard.main.deploymentcore": {
        "type": "Project",
        "dependencies": {
          "CommunityToolkit.Mvvm": "[8.4.2, )",
          "System.Reactive": "[6.0.1, )",
          "WTGWizard.Main.Language": "[1.0.0, )",
          "WTGWizard.Shared.Common": "[1.0.0, )",
          "WTGWizard.Shared.Services": "[1.0.0, )"
        }
      },
      "wtgwizard.main.language": {
        "type": "Project"
      },
      "wtgwizard.shared.common": {
        "type": "Project"
      },
      "wtgwizard.shared.services": {
        "type": "Project",
        "dependencies": {
          "ManagedWimLib": "[2.6.0, )",
          "Microsoft.Extensions.Logging.Abstractions": "[10.0.10, )",
          "Serilog.Extensions.Logging": "[10.0.0, )",
          "Serilog.Sinks.Debug": "[3.0.0, )",
          "Serilog.Sinks.File": "[7.0.0, )",
          "Vanara.PInvoke.CfgMgr32": "[5.0.5, )",
          "Vanara.PInvoke.Kernel32": "[5.0.5, )",
          "Vanara.PInvoke.SetupAPI": "[5.0.5, )"
        }
      }
    },
    "net10.0-windows10.0.26100/win-x64": {
      "ManagedWimLib": {
        "type": "Transitive",
        "resolved": "2.6.0",
        "contentHash": "/2/NCpM6taSiZSHwlRkflw8cex9cDEUCuIO5W1Bg+3bjnGK2snBde563m0+youh6Cb2kJw8pknlePH5ixEuJJQ==",
        "dependencies": {
          "Joveler.DynLoader": "2.3.1"
        }
      },
      "Microsoft.Web.WebView2": {
        "type": "Transitive",
        "resolved": "1.0.3719.77",
        "contentHash": "t+ucyKw5NTwMjsUrDF6R9Lk40lpcKQD1/HgyGFxl49tdA4h9dKlsj6FYGEmDRpFNfnTpENuTypMcdbrlkqBdDA=="
      },
      "Microsoft.Windows.AI.MachineLearning": {
        "type": "Transitive",
        "resolved": "2.1.74",
        "contentHash": "/Z1yAQ0J53eD1RrOl5anTDS0UQOgneERY//hLljwGcWeUX9ynCvOl5qUxAsfWvwsZZGcvV4WKjAvnAtA6N5i+w==",
        "dependencies": {
          "System.Numerics.Tensors": "9.0.0"
        }
      },
      "Microsoft.WindowsAppSDK.Foundation": {
        "type": "Transitive",
        "resolved": "2.3.9",
        "contentHash": "lnfSoKvuMN2nv/NyMDWHX5u2K/tdg8AiyW+z30/YmCbJZp1k38B8/d4pKf+RjgkQbSGbIikN4irae72FXA3X5Q==",
        "dependencies": {
          "Microsoft.WindowsAppSDK.Base": "2.0.4",
          "Microsoft.WindowsAppSDK.InteractiveExperiences": "2.1.3"
        }
      }
    }
  }
}